
Microsoft Visual Studio Solution File, Format Version 12.00
# Visual Studio 15
VisualStudioVersion = 15.0.27703.2026
MinimumVisualStudioVersion = 10.0.40219.1
Project("{FAE04EC0-301F-11D3-BF4B-00C04F79EFBC}") = "EfCoreMultipleResults", "EfCoreMultipleResults\EfCoreMultipleResults.csproj", "{45F66DEB-1B83-4176-9ADF-8DBDA61820DC}"
EndProject
Global
	GlobalSection(SolutionConfigurationPlatforms) = preSolution
		Debug|Any CPU = Debug|Any CPU
		Release|Any CPU = Release|Any CPU
	EndGlobalSection
	GlobalSection(ProjectConfigurationPlatforms) = postSolution
		{45F66DEB-1B83-4176-9ADF-8DBDA61820DC}.Debug|Any CPU.ActiveCfg = Debug|Any CPU
		{45F66DEB-1B83-4176-9ADF-8DBDA61820DC}.Debug|Any CPU.Build.0 = Debug|Any CPU
		{45F66DEB-1B83-4176-9ADF-8DBDA61820DC}.Release|Any CPU.ActiveCfg = Release|Any CPU
		{45F66DEB-1B83-4176-9ADF-8DBDA61820DC}.Release|Any CPU.Build.0 = Release|Any CPU
	EndGlobalSection
	GlobalSection(SolutionProperties) = preSolution
		HideSolutionNode = FALSE
	EndGlobalSection
	GlobalSection(ExtensibilityGlobals) = postSolution
		SolutionGuid = {484C9D42-F2EE-44DE-BBC0-9571DFAC8F87}
	EndGlobalSection
EndGlobal
